
Microsoft Visual Studio Solution File, Format Version 12.00
# Visual Studio Version 17
VisualStudioVersion = 17.1.32328.378
MinimumVisualStudioVersion = 10.0.40219.1
Project("{FAE04EC0-301F-11D3-BF4B-00C04F79EFBC}") = "Api", "Api\Api.csproj", "{9B636D1B-4090-4EAF-9C5B-BD80F862933B}"
	ProjectSection(ProjectDependencies) = postProject
		{0BFB023E-4E3A-4FC9-B47B-91E8EED5A6A6} = {0BFB023E-4E3A-4FC9-B47B-91E8EED5A6A6}
		{973CF8EE-9945-4590-89CE-F360E6F3F197} = {973CF8EE-9945-4590-89CE-F360E6F3F197}
	EndProjectSection
EndProject
Project("{FAE04EC0-301F-11D3-BF4B-00C04F79EFBC}") = "Core", "Core\Core.csproj", "{973CF8EE-9945-4590-89CE-F360E6F3F197}"
EndProject
Project("{FAE04EC0-301F-11D3-BF4B-00C04F79EFBC}") = "Infrastructure", "Infrastructure\Infrastructure.csproj", "{0BFB023E-4E3A-4FC9-B47B-91E8EED5A6A6}"
	ProjectSection(ProjectDependencies) = postProject
		{973CF8EE-9945-4590-89CE-F360E6F3F197} = {973CF8EE-9945-4590-89CE-F360E6F3F197}
	EndProjectSection
EndProject
Global
	GlobalSection(SolutionConfigurationPlatforms) = preSolution
		Debug|Any CPU = Debug|Any CPU
		Release|Any CPU = Release|Any CPU
	EndGlobalSection
	GlobalSection(ProjectConfigurationPlatforms) = postSolution
		{9B636D1B-4090-4EAF-9C5B-BD80F862933B}.Debug|Any CPU.ActiveCfg = Debug|Any CPU
		{9B636D1B-4090-4EAF-9C5B-BD80F862933B}.Debug|Any CPU.Build.0 = Debug|Any CPU
		{9B636D1B-4090-4EAF-9C5B-BD80F862933B}.Release|Any CPU.ActiveCfg = Release|Any CPU
		{9B636D1B-4090-4EAF-9C5B-BD80F862933B}.Release|Any CPU.Build.0 = Release|Any CPU
		{973CF8EE-9945-4590-89CE-F360E6F3F197}.Debug|Any CPU.ActiveCfg = Debug|Any CPU
		{973CF8EE-9945-4590-89CE-F360E6F3F197}.Debug|Any CPU.Build.0 = Debug|Any CPU
		{973CF8EE-9945-4590-89CE-F360E6F3F197}.Release|Any CPU.ActiveCfg = Release|Any CPU
		{973CF8EE-9945-4590-89CE-F360E6F3F197}.Release|Any CPU.Build.0 = Release|Any CPU
		{0BFB023E-4E3A-4FC9-B47B-91E8EED5A6A6}.Debug|Any CPU.ActiveCfg = Debug|Any CPU
		{0BFB023E-4E3A-4FC9-B47B-91E8EED5A6A6}.Debug|Any CPU.Build.0 = Debug|Any CPU
		{0BFB023E-4E3A-4FC9-B47B-91E8EED5A6A6}.Release|Any CPU.ActiveCfg = Release|Any CPU
		{0BFB023E-4E3A-4FC9-B47B-91E8EED5A6A6}.Release|Any CPU.Build.0 = Release|Any CPU
	EndGlobalSection
	GlobalSection(SolutionProperties) = preSolution
		HideSolutionNode = FALSE
	EndGlobalSection
	GlobalSection(ExtensibilityGlobals) = postSolution
		SolutionGuid = {E7C118E0-3CED-466E-92D8-23A6EBEEF322}
	EndGlobalSection
EndGlobal
